
Microsoft Visual Studio Solution File, Format Version 12.00
# Visual Studio Version 16
VisualStudioVersion = 16.0.31129.286
MinimumVisualStudioVersion = 10.0.40219.1
Project("{FAE04EC0-301F-11D3-BF4B-00C04F79EFBC}") = "Mejías Olivier - Práctica 5", "Mejías Olivier - Práctica 5\Mejías Olivier - Práctica 5.csproj", "{E5F5A363-3FF3-4A4D-8263-808CBB7C6A3A}"
EndProject
Global
	GlobalSection(SolutionConfigurationPlatforms) = preSolution
		Debug|Any CPU = Debug|Any CPU
		Release|Any CPU = Release|Any CPU
	EndGlobalSection
	GlobalSection(ProjectConfigurationPlatforms) = postSolution
		{E5F5A363-3FF3-4A4D-8263-808CBB7C6A3A}.Debug|Any CPU.ActiveCfg = Debug|Any CPU
		{E5F5A363-3FF3-4A4D-8263-808CBB7C6A3A}.Debug|Any CPU.Build.0 = Debug|Any CPU
		{E5F5A363-3FF3-4A4D-8263-808CBB7C6A3A}.Release|Any CPU.ActiveCfg = Release|Any CPU
		{E5F5A363-3FF3-4A4D-8263-808CBB7C6A3A}.Release|Any CPU.Build.0 = Release|Any CPU
	EndGlobalSection
	GlobalSection(SolutionProperties) = preSolution
		HideSolutionNode = FALSE
	EndGlobalSection
	GlobalSection(ExtensibilityGlobals) = postSolution
		SolutionGuid = {8123D6C0-25D9-4C9C-B03E-9F45DD93847D}
	EndGlobalSection
EndGlobal
